
Microsoft Visual Studio Solution File, Format Version 12.00
# Visual Studio Version 16
VisualStudioVersion = 16.0.30621.155
MinimumVisualStudioVersion = 10.0.40219.1
Project("{FAE04EC0-301F-11D3-BF4B-00C04F79EFBC}") = "WebApi.Server", "WebApi.Server\WebApi.Server.csproj", "{19E9F4CC-FDCD-495C-BA8A-7BCD7543366C}"
EndProject
Global
	GlobalSection(SolutionConfigurationPlatforms) = preSolution
		Debug|Any CPU = Debug|Any CPU
		Release|Any CPU = Release|Any CPU
	EndGlobalSection
	GlobalSection(ProjectConfigurationPlatforms) = postSolution
		{19E9F4CC-FDCD-495C-BA8A-7BCD7543366C}.Debug|Any CPU.ActiveCfg = Debug|Any CPU
		{19E9F4CC-FDCD-495C-BA8A-7BCD7543366C}.Debug|Any CPU.Build.0 = Debug|Any CPU
		{19E9F4CC-FDCD-495C-BA8A-7BCD7543366C}.Release|Any CPU.ActiveCfg = Release|Any CPU
		{19E9F4CC-FDCD-495C-BA8A-7BCD7543366C}.Release|Any CPU.Build.0 = Release|Any CPU
	EndGlobalSection
	GlobalSection(SolutionProperties) = preSolution
		HideSolutionNode = FALSE
	EndGlobalSection
	GlobalSection(ExtensibilityGlobals) = postSolution
		SolutionGuid = {E0453D8B-ED33-4ACE-B96A-6E0503BA4BDC}
	EndGlobalSection
EndGlobal
